
Microsoft Visual Studio Solution File, Format Version 12.00
# Visual Studio Version 17
VisualStudioVersion = 17.6.33723.286
MinimumVisualStudioVersion = 10.0.40219.1
Project("{FAE04EC0-301F-11D3-BF4B-00C04F79EFBC}") = "DapperDemoAPI", "DapperDemoAPI\DapperDemoAPI.csproj", "{0662F9B7-A66C-49C2-8A7B-6ED1AD807DB8}"
EndProject
Project("{FAE04EC0-301F-11D3-BF4B-00C04F79EFBC}") = "DapperDemoData", "DapperDemoData\DapperDemoData.csproj", "{C39BF898-EEE4-40E0-BC97-5C9A4962B621}"
EndProject
Global
	GlobalSection(SolutionConfigurationPlatforms) = preSolution
		Debug|Any CPU = Debug|Any CPU
		Release|Any CPU = Release|Any CPU
	EndGlobalSection
	GlobalSection(ProjectConfigurationPlatforms) = postSolution
		{0662F9B7-A66C-49C2-8A7B-6ED1AD807DB8}.Debug|Any CPU.ActiveCfg = Debug|Any CPU
		{0662F9B7-A66C-49C2-8A7B-6ED1AD807DB8}.Debug|Any CPU.Build.0 = Debug|Any CPU
		{0662F9B7-A66C-49C2-8A7B-6ED1AD807DB8}.Release|Any CPU.ActiveCfg = Release|Any CPU
		{0662F9B7-A66C-49C2-8A7B-6ED1AD807DB8}.Release|Any CPU.Build.0 = Release|Any CPU
		{C39BF898-EEE4-40E0-BC97-5C9A4962B621}.Debug|Any CPU.ActiveCfg = Debug|Any CPU
		{C39BF898-EEE4-40E0-BC97-5C9A4962B621}.Debug|Any CPU.Build.0 = Debug|Any CPU
		{C39BF898-EEE4-40E0-BC97-5C9A4962B621}.Release|Any CPU.ActiveCfg = Release|Any CPU
		{C39BF898-EEE4-40E0-BC97-5C9A4962B621}.Release|Any CPU.Build.0 = Release|Any CPU
	EndGlobalSection
	GlobalSection(SolutionProperties) = preSolution
		HideSolutionNode = FALSE
	EndGlobalSection
	GlobalSection(ExtensibilityGlobals) = postSolution
		SolutionGuid = {334F2A2D-6ECC-4A6A-AFB5-D56471D9EB18}
	EndGlobalSection
EndGlobal
